<?xml version="1.0" encoding="utf-8"?>
<Project ToolsVersion="12.0" xmlns="http://schemas.microsoft.com/developer/msbuild/2003">
  <ItemGroup>
    <Filter Include="Source Files">
      <UniqueIdentifier>{4FC737F1-C7A5-4376-A066-2A32D752A2FF}</UniqueIdentifier>
      <Extensions>cpp;c;cc;cxx;def;odl;idl;hpj;bat;asm;asmx</Extensions>
    </Filter>
    <Filter Include="Header Files">
      <UniqueIdentifier>{93995380-89BD-4b04-88EB-625FBE52EBFB}</UniqueIdentifier>
      <Extensions>h;hpp;hxx;hm;inl;inc;xsd</Extensions>
    </Filter>
    <Filter Include="Resource Files">
      <UniqueIdentifier>{67DA6AB6-F800-4c08-8B7A-83BB121AAD01}</UniqueIdentifier>
      <Extensions>rc;ico;cur;bmp;dlg;rc2;rct;bin;rgs;gif;jpg;jpeg;jpe;resx;tiff;tif;png;wav</Extensions>
    </Filter>
  </ItemGroup>
  <ItemGroup>
    <ClCompile Include="DbgArgument.cpp">
      <Filter>Source Files</Filter>
    </ClCompile>
    <ClCompile Include="DbgEnums.cpp">
      <Filter>Source Files</Filter>
    </ClCompile>
    <ClCompile Include="DbgFrame.cpp">
      <Filter>Source Files</Filter>
    </ClCompile>
    <ClCompile Include="DbgModule.cpp">
      <Filter>Source Files</Filter>
    </ClCompile>
    <ClCompile Include="DbgModuleParameters.cpp">
      <Filter>Source Files</Filter>
    </ClCompile>
    <ClCompile Include="DbgObject.cpp">
      <Filter>Source Files</Filter>
    </ClCompile>
    <ClCompile Include="DbgProcess.cpp">
      <Filter>Source Files</Filter>
    </ClCompile>
    <ClCompile Include="DbgThread.cpp">
      <Filter>Source Files</Filter>
    </ClCompile>
    <ClCompile Include="DbgType.cpp">
      <Filter>Source Files</Filter>
    </ClCompile>
    <ClCompile Include="DbgValue.cpp">
      <Filter>Source Files</Filter>
    </ClCompile>
    <ClCompile Include="DebugAdvanced.cpp">
      <Filter>Source Files</Filter>
    </ClCompile>
    <ClCompile Include="DebugClient.cpp">
      <Filter>Source Files</Filter>
    </ClCompile>
    <ClCompile Include="DebugControl.cpp">
      <Filter>Source Files</Filter>
    </ClCompile>
    <ClCompile Include="DebugDataSpaces.cpp">
      <Filter>Source Files</Filter>
    </ClCompile>
    <ClCompile Include="Debuggee.cpp">
      <Filter>Source Files</Filter>
    </ClCompile>
    <ClCompile Include="DebuggeeEventWrappers.cpp">
      <Filter>Source Files</Filter>
    </ClCompile>
    <ClCompile Include="DebuggeeInfo.cpp">
      <Filter>Source Files</Filter>
    </ClCompile>
    <ClCompile Include="DebugOutputEventArgs.cpp">
      <Filter>Source Files</Filter>
    </ClCompile>
    <ClCompile Include="DebugRegisters.cpp">
      <Filter>Source Files</Filter>
    </ClCompile>
    <ClCompile Include="DebugSymbolGroup.cpp">
      <Filter>Source Files</Filter>
    </ClCompile>
    <ClCompile Include="DebugSymbols.cpp">
      <Filter>Source Files</Filter>
    </ClCompile>
    <ClCompile Include="DebugSystemObjects.cpp">
      <Filter>Source Files</Filter>
    </ClCompile>
    <ClCompile Include="PCWSTRWrapper.cpp">
      <Filter>Source Files</Filter>
    </ClCompile>
    <ClCompile Include="Stdafx.cpp">
      <Filter>Source Files</Filter>
    </ClCompile>
    <ClCompile Include="Tools.cpp">
      <Filter>Source Files</Filter>
    </ClCompile>
    <ClCompile Include="DebugEventArgs.cpp">
      <Filter>Source Files</Filter>
    </ClCompile>
    <ClCompile Include="NativeException.cpp">
      <Filter>Source Files</Filter>
    </ClCompile>
    <ClCompile Include="DbgBreak.cpp">
      <Filter>Source Files</Filter>
    </ClCompile>
    <ClCompile Include="AssemblyInfo.cpp">
      <Filter>Source Files</Filter>
    </ClCompile>
  </ItemGroup>
  <ItemGroup>
    <ClInclude Include="DbgArgument.h">
      <Filter>Header Files</Filter>
    </ClInclude>
    <ClInclude Include="DbgEnums.h">
      <Filter>Header Files</Filter>
    </ClInclude>
    <ClInclude Include="DbgFrame.h">
      <Filter>Header Files</Filter>
    </ClInclude>
    <ClInclude Include="DbgModule.h">
      <Filter>Header Files</Filter>
    </ClInclude>
    <ClInclude Include="DbgModuleParameters.h">
      <Filter>Header Files</Filter>
    </ClInclude>
    <ClInclude Include="DbgObject.h">
      <Filter>Header Files</Filter>
    </ClInclude>
    <ClInclude Include="DbgProcess.h">
      <Filter>Header Files</Filter>
    </ClInclude>
    <ClInclude Include="DbgThread.h">
      <Filter>Header Files</Filter>
    </ClInclude>
    <ClInclude Include="DbgType.h">
      <Filter>Header Files</Filter>
    </ClInclude>
    <ClInclude Include="DbgValue.h">
      <Filter>Header Files</Filter>
    </ClInclude>
    <ClInclude Include="DebugAdvanced.h">
      <Filter>Header Files</Filter>
    </ClInclude>
    <ClInclude Include="DebugClient.h">
      <Filter>Header Files</Filter>
    </ClInclude>
    <ClInclude Include="DebugControl.h">
      <Filter>Header Files</Filter>
    </ClInclude>
    <ClInclude Include="DebugDataSpaces.h">
      <Filter>Header Files</Filter>
    </ClInclude>
    <ClInclude Include="Debuggee.h">
      <Filter>Header Files</Filter>
    </ClInclude>
    <ClInclude Include="DebuggeeEventWrappers.h">
      <Filter>Header Files</Filter>
    </ClInclude>
    <ClInclude Include="DebuggeeInfo.h">
      <Filter>Header Files</Filter>
    </ClInclude>
    <ClInclude Include="DebugOutputEventArgs.h">
      <Filter>Header Files</Filter>
    </ClInclude>
    <ClInclude Include="DebugRegisters.h">
      <Filter>Header Files</Filter>
    </ClInclude>
    <ClInclude Include="DebugSymbolGroup.h">
      <Filter>Header Files</Filter>
    </ClInclude>
    <ClInclude Include="DebugSymbols.h">
      <Filter>Header Files</Filter>
    </ClInclude>
    <ClInclude Include="DebugSystemObjects.h">
      <Filter>Header Files</Filter>
    </ClInclude>
    <ClInclude Include="PCWSTRWrapper.h">
      <Filter>Header Files</Filter>
    </ClInclude>
    <ClInclude Include="resource.h">
      <Filter>Header Files</Filter>
    </ClInclude>
    <ClInclude Include="Stdafx.h">
      <Filter>Header Files</Filter>
    </ClInclude>
    <ClInclude Include="Tools.h">
      <Filter>Header Files</Filter>
    </ClInclude>
    <ClInclude Include="DebugEventArgs.h">
      <Filter>Header Files</Filter>
    </ClInclude>
    <ClInclude Include="NativeException.h">
      <Filter>Header Files</Filter>
    </ClInclude>
    <ClInclude Include="DbgBreak.h">
      <Filter>Header Files</Filter>
    </ClInclude>
  </ItemGroup>
</Project>